// !$*UTF8*$!
{
	archiveVersion = 1;
	classes = {
	};
	objectVersion = 46;
	objects = {

/* Begin PBXBuildFile section */
		FB97A1EF1A55DC9100AEE36C /* main.swift in Sources */ = {isa = PBXBuildFile; fileRef = FB97A1EE1A55DC9100AEE36C /* main.swift */; };
/* End PBXBuildFile section */

/* Begin PBXCopyFilesBuildPhase section */
		FB97A1E91A55DC9100AEE36C /* CopyFiles */ = {
			isa = PBXCopyFilesBuildPhase;
			buildActionMask = 2147483647;
			dstPath = /usr/share/man/man1/;
			dstSubfolderSpec = 0;
			files = (
			);
			runOnlyForDeploymentPostprocessing = 1;
		};
/* End PBXCopyFilesBuildPhase section */

/* Begin PBXFileReference section */
		FB97A1EB1A55DC9100AEE36C /* CountingLatticePaths */ = {isa = PBXFileReference; explicitFileType = "compiled.mach-o.executable"; includeInIndex = 0; path = CountingLatticePaths; sourceTree = BUILT_PRODUCTS_DIR; };
		FB97A1EE1A55DC9100AEE36C /* main.swift */ = {isa = PBXFileReference; lastKnownFileType = sourcecode.swift; path = main.swift; sourceTree = "<group>"; };
/* End PBXFileReference section */

/* Begin PBXFrameworksBuildPhase section */
		FB97A1E81A55DC9100AEE36C /* Frameworks */ = {
			isa = PBXFrameworksBuildPhase;
			buildActionMask = 2147483647;
			files = (
			);
			runOnlyForDeploymentPostprocessing = 0;
		};
/* End PBXFrameworksBuildPhase section */

/* Begin PBXGroup section */
		FB97A1E21A55DC9100AEE36C = {
			isa = PBXGroup;
			children = (
				FB97A1ED1A55DC9100AEE36C /* CountingLatticePaths */,
				FB97A1EC1A55DC9100AEE36C /* Products */,
			);
			sourceTree = "<group>";
		};
		FB97A1EC1A55DC9100AEE36C /* Products */ = {
			isa = PBXGroup;
			children = (
				FB97A1EB1A55DC9100AEE36C /* CountingLatticePaths */,
			);
			name = Products;
			sourceTree = "<group>";
		};
		FB97A1ED1A55DC9100AEE36C /* CountingLatticePaths */ = {
			isa = PBXGroup;
			children = (
				FB97A1EE1A55DC9100AEE36C /* main.swift */,
			);
			path = CountingLatticePaths;
			sourceTree = "<group>";
		};
/* End PBXGroup section */

/* Begin PBXNativeTarget section */
		FB97A1EA1A55DC9100AEE36C /* CountingLatticePaths */ = {
			isa = PBXNativeTarget;
			buildConfigurationList = FB97A1F21A55DC9100AEE36C /* Build configuration list for PBXNativeTarget "CountingLatticePaths" */;
			buildPhases = (
				FB97A1E71A55DC9100AEE36C /* Sources */,
				FB97A1E81A55DC9100AEE36C /* Frameworks */,
				FB97A1E91A55DC9100AEE36C /* CopyFiles */,
			);
			buildRules = (
			);
			dependencies = (
			);
			name = CountingLatticePaths;
			productName = CountingLatticePaths;
			productReference = FB97A1EB1A55DC9100AEE36C /* CountingLatticePaths */;
			productType = "com.apple.product-type.tool";
		};
/* End PBXNativeTarget section */

/* Begin PBXProject section */
		FB97A1E31A55DC9100AEE36C /* Project object */ = {
			isa = PBXProject;
			attributes = {
				LastUpgradeCheck = 0610;
				ORGANIZATIONNAME = "Mehdi Sqalli";
				TargetAttributes = {
					FB97A1EA1A55DC9100AEE36C = {
						CreatedOnToolsVersion = 6.1.1;
					};
				};
			};
			buildConfigurationList = FB97A1E61A55DC9100AEE36C /* Build configuration list for PBXProject "CountingLatticePaths" */;
			compatibilityVersion = "Xcode 3.2";
			developmentRegion = English;
			hasScannedForEncodings = 0;
			knownRegions = (
				en,
			);
			mainGroup = FB97A1E21A55DC9100AEE36C;
			productRefGroup = FB97A1EC1A55DC9100AEE36C /* Products */;
			projectDirPath = "";
			projectRoot = "";
			targets = (
				FB97A1EA1A55DC9100AEE36C /* CountingLatticePaths */,
			);
		};
/* End PBXProject section */

/* Begin PBXSourcesBuildPhase section */
		FB97A1E71A55DC9100AEE36C /* Sources */ = {
			isa = PBXSourcesBuildPhase;
			buildActionMask = 2147483647;
			files = (
				FB97A1EF1A55DC9100AEE36C /* main.swift in Sources */,
			);
			runOnlyForDeploymentPostprocessing = 0;
		};
/* End PBXSourcesBuildPhase section */

/* Begin XCBuildConfiguration section */
		FB97A1F01A55DC9100AEE36C /* Debug */ = {
			isa = XCBuildConfiguration;
			buildSettings = {
				ALWAYS_SEARCH_USER_PATHS = NO;
				CLANG_CXX_LANGUAGE_STANDARD = "gnu++0x";
				CLANG_CXX_LIBRARY = "libc++";
				CLANG_ENABLE_MODULES = YES;
				CLANG_ENABLE_OBJC_ARC = YES;
				CLANG_WARN_BOOL_CONVERSION = YES;
				CLANG_WARN_CONSTANT_CONVERSION = YES;
				CLANG_WARN_DIRECT_OBJC_ISA_USAGE = YES_ERROR;
				CLANG_WARN_EMPTY_BODY = YES;
				CLANG_WARN_ENUM_CONVERSION = YES;
				CLANG_WARN_INT_CONVERSION = YES;
				CLANG_WARN_OBJC_ROOT_CLASS = YES_ERROR;
				CLANG_WARN_UNREACHABLE_CODE = YES;
				CLANG_WARN__DUPLICATE_METHOD_MATCH = YES;
				COPY_PHASE_STRIP = NO;
				ENABLE_STRICT_OBJC_MSGSEND = YES;
				GCC_C_LANGUAGE_STANDARD = gnu99;
				GCC_DYNAMIC_NO_PIC = NO;
				GCC_OPTIMIZATION_LEVEL = 0;
				GCC_PREPROCESSOR_DEFINITIONS = (
					"DEBUG=1",
					"$(inherited)",
				);
				GCC_SYMBOLS_PRIVATE_EXTERN = NO;
				GCC_WARN_64_TO_32_BIT_CONVERSION = YES;
				GCC_WARN_ABOUT_RETURN_TYPE = YES_ERROR;
				GCC_WARN_UNDECLARED_SELECTOR = YES;
				GCC_WARN_UNINITIALIZED_AUTOS = YES_AGGRESSIVE;
				GCC_WARN_UNUSED_FUNCTION = YES;
				GCC_WARN_UNUSED_VARIABLE = YES;
				MACOSX_DEPLOYMENT_TARGET = 10.10;
				MTL_ENABLE_DEBUG_INFO = YES;
				ONLY_ACTIVE_ARCH = YES;
				SDKROOT = macosx;
				SWIFT_OPTIMIZATION_LEVEL = "-Onone";
			};
			name = Debug;
		};
		FB97A1F11A55DC9100AEE36C /* Release */ = {
			isa = XCBuildConfiguration;
			buildSettings = {
				ALWAYS_SEARCH_USER_PATHS = NO;
				CLANG_CXX_LANGUAGE_STANDARD = "gnu++0x";
				CLANG_CXX_LIBRARY = "libc++";
				CLANG_ENABLE_MODULES = YES;
				CLANG_ENABLE_OBJC_ARC = YES;
				CLANG_WARN_BOOL_CONVERSION = YES;
				CLANG_WARN_CONSTANT_CONVERSION = YES;
				CLANG_WARN_DIRECT_OBJC_ISA_USAGE = YES_ERROR;
				CLANG_WARN_EMPTY_BODY = YES;
				CLANG_WARN_ENUM_CONVERSION = YES;
				CLANG_WARN_INT_CONVERSION = YES;
				CLANG_WARN_OBJC_ROOT_CLASS = YES_ERROR;
				CLANG_WARN_UNREACHABLE_CODE = YES;
				CLANG_WARN__DUPLICATE_METHOD_MATCH = YES;
				COPY_PHASE_STRIP = YES;
				DEBUG_INFORMATION_FORMAT = "dwarf-with-dsym";
				ENABLE_NS_ASSERTIONS = NO;
				ENABLE_STRICT_OBJC_MSGSEND = YES;
				GCC_C_LANGUAGE_STANDARD = gnu99;
				GCC_WARN_64_TO_32_BIT_CONVERSION = YES;
				GCC_WARN_ABOUT_RETURN_TYPE = YES_ERROR;
				GCC_WARN_UNDECLARED_SELECTOR = YES;
				GCC_WARN_UNINITIALIZED_AUTOS = YES_AGGRESSIVE;
				GCC_WARN_UNUSED_FUNCTION = YES;
				GCC_WARN_UNUSED_VARIABLE = YES;
				MACOSX_DEPLOYMENT_TARGET = 10.10;
				MTL_ENABLE_DEBUG_INFO = NO;
				SDKROOT = macosx;
			};
			name = Release;
		};
		FB97A1F31A55DC9100AEE36C /* Debug */ = {
			isa = XCBuildConfiguration;
			buildSettings = {
				PRODUCT_NAME = "$(TARGET_NAME)";
			};
			name = Debug;
		};
		FB97A1F41A55DC9100AEE36C /* Release */ = {
			isa = XCBuildConfiguration;
			buildSettings = {
				PRODUCT_NAME = "$(TARGET_NAME)";
			};
			name = Release;
		};
/* End XCBuildConfiguration section */

/* Begin XCConfigurationList section */
		FB97A1E61A55DC9100AEE36C /* Build configuration list for PBXProject "CountingLatticePaths" */ = {
			isa = XCConfigurationList;
			buildConfigurations = (
				FB97A1F01A55DC9100AEE36C /* Debug */,
				FB97A1F11A55DC9100AEE36C /* Release */,
			);
			defaultConfigurationIsVisible = 0;
			defaultConfigurationName = Release;
		};
		FB97A1F21A55DC9100AEE36C /* Build configuration list for PBXNativeTarget "CountingLatticePaths" */ = {
			isa = XCConfigurationList;
			buildConfigurations = (
				FB97A1F31A55DC9100AEE36C /* Debug */,
				FB97A1F41A55DC9100AEE36C /* Release */,
			);
			defaultConfigurationIsVisible = 0;
		};
/* End XCConfigurationList section */
	};
	rootObject = FB97A1E31A55DC9100AEE36C /* Project object */;
}
